// !$*UTF8*$!
{
	archiveVersion = 1;
	classes = {
	};
	objectVersion = 50;
	objects = {

/* Begin PBXBuildFile section */
		35938D0F2486C37E00CD1298 /* AppDelegate.swift in Sources */ = {isa = PBXBuildFile; fileRef = 35938D0E2486C37E00CD1298 /* AppDelegate.swift */; };
		35938D112486C37E00CD1298 /* SceneDelegate.swift in Sources */ = {isa = PBXBuildFile; fileRef = 35938D102486C37E00CD1298 /* SceneDelegate.swift */; };
		35938D132486C37E00CD1298 /* ViewController.swift in Sources */ = {isa = PBXBuildFile; fileRef = 35938D122486C37E00CD1298 /* ViewController.swift */; };
		35938D162486C37E00CD1298 /* Main.storyboard in Resources */ = {isa = PBXBuildFile; fileRef = 35938D142486C37E00CD1298 /* Main.storyboard */; };
		35938D182486C37F00CD1298 /* Assets.xcassets in Resources */ = {isa = PBXBuildFile; fileRef = 35938D172486C37F00CD1298 /* Assets.xcassets */; };
		35938D1B2486C37F00CD1298 /* LaunchScreen.storyboard in Resources */ = {isa = PBXBuildFile; fileRef = 35938D192486C37F00CD1298 /* LaunchScreen.storyboard */; };
		35938D242486C39300CD1298 /* CoreTelephony.framework in Frameworks */ = {isa = PBXBuildFile; fileRef = 35938D232486C39300CD1298 /* CoreTelephony.framework */; };
/* End PBXBuildFile section */

/* Begin PBXFileReference section */
		35938D0B2486C37E00CD1298 /* FindCarrierName.app */ = {isa = PBXFileReference; explicitFileType = wrapper.application; includeInIndex = 0; path = FindCarrierName.app; sourceTree = BUILT_PRODUCTS_DIR; };
		35938D0E2486C37E00CD1298 /* AppDelegate.swift */ = {isa = PBXFileReference; lastKnownFileType = sourcecode.swift; path = AppDelegate.swift; sourceTree = "<group>"; };
		35938D102486C37E00CD1298 /* SceneDelegate.swift */ = {isa = PBXFileReference; lastKnownFileType = sourcecode.swift; path = SceneDelegate.swift; sourceTree = "<group>"; };
		35938D122486C37E00CD1298 /* ViewController.swift */ = {isa = PBXFileReference; lastKnownFileType = sourcecode.swift; path = ViewController.swift; sourceTree = "<group>"; };
		35938D152486C37E00CD1298 /* Base */ = {isa = PBXFileReference; lastKnownFileType = file.storyboard; name = Base; path = Base.lproj/Main.storyboard; sourceTree = "<group>"; };
		35938D172486C37F00CD1298 /* Assets.xcassets */ = {isa = PBXFileReference; lastKnownFileType = folder.assetcatalog; path = Assets.xcassets; sourceTree = "<group>"; };
		35938D1A2486C37F00CD1298 /* Base */ = {isa = PBXFileReference; lastKnownFileType = file.storyboard; name = Base; path = Base.lproj/LaunchScreen.storyboard; sourceTree = "<group>"; };
		35938D1C2486C37F00CD1298 /* Info.plist */ = {isa = PBXFileReference; lastKnownFileType = text.plist.xml; path = Info.plist; sourceTree = "<group>"; };
		35938D232486C39300CD1298 /* CoreTelephony.framework */ = {isa = PBXFileReference; lastKnownFileType = wrapper.framework; name = CoreTelephony.framework; path = System/Library/Frameworks/CoreTelephony.framework; sourceTree = SDKROOT; };
/* End PBXFileReference section */

/* Begin PBXFrameworksBuildPhase section */
		35938D082486C37E00CD1298 /* Frameworks */ = {
			isa = PBXFrameworksBuildPhase;
			buildActionMask = 2147483647;
			files = (
				35938D242486C39300CD1298 /* CoreTelephony.framework in Frameworks */,
			);
			runOnlyForDeploymentPostprocessing = 0;
		};
/* End PBXFrameworksBuildPhase section */

/* Begin PBXGroup section */
		35938D022486C37E00CD1298 = {
			isa = PBXGroup;
			children = (
				35938D0D2486C37E00CD1298 /* FindCarrierName */,
				35938D0C2486C37E00CD1298 /* Products */,
				35938D222486C39300CD1298 /* Frameworks */,
			);
			sourceTree = "<group>";
		};
		35938D0C2486C37E00CD1298 /* Products */ = {
			isa = PBXGroup;
			children = (
				35938D0B2486C37E00CD1298 /* FindCarrierName.app */,
			);
			name = Products;
			sourceTree = "<group>";
		};
		35938D0D2486C37E00CD1298 /* FindCarrierName */ = {
			isa = PBXGroup;
			children = (
				35938D0E2486C37E00CD1298 /* AppDelegate.swift */,
				35938D102486C37E00CD1298 /* SceneDelegate.swift */,
				35938D122486C37E00CD1298 /* ViewController.swift */,
				35938D142486C37E00CD1298 /* Main.storyboard */,
				35938D172486C37F00CD1298 /* Assets.xcassets */,
				35938D192486C37F00CD1298 /* LaunchScreen.storyboard */,
				35938D1C2486C37F00CD1298 /* Info.plist */,
			);
			path = FindCarrierName;
			sourceTree = "<group>";
		};
		35938D222486C39300CD1298 /* Frameworks */ = {
			isa = PBXGroup;
			children = (
				35938D232486C39300CD1298 /* CoreTelephony.framework */,
			);
			name = Frameworks;
			sourceTree = "<group>";
		};
/* End PBXGroup section */

/* Begin PBXNativeTarget section */
		35938D0A2486C37E00CD1298 /* FindCarrierName */ = {
			isa = PBXNativeTarget;
			buildConfigurationList = 35938D1F2486C37F00CD1298 /* Build configuration list for PBXNativeTarget "FindCarrierName" */;
			buildPhases = (
				35938D072486C37E00CD1298 /* Sources */,
				35938D082486C37E00CD1298 /* Frameworks */,
				35938D092486C37E00CD1298 /* Resources */,
			);
			buildRules = (
			);
			dependencies = (
			);
			name = FindCarrierName;
			productName = FindCarrierName;
			productReference = 35938D0B2486C37E00CD1298 /* FindCarrierName.app */;
			productType = "com.apple.product-type.application";
		};
/* End PBXNativeTarget section */

/* Begin PBXProject section */
		35938D032486C37E00CD1298 /* Project object */ = {
			isa = PBXProject;
			attributes = {
				LastSwiftUpdateCheck = 1140;
				LastUpgradeCheck = 1140;
				ORGANIZATIONNAME = "Senthil Kumar2";
				TargetAttributes = {
					35938D0A2486C37E00CD1298 = {
						CreatedOnToolsVersion = 11.4;
					};
				};
			};
			buildConfigurationList = 35938D062486C37E00CD1298 /* Build configuration list for PBXProject "FindCarrierName" */;
			compatibilityVersion = "Xcode 9.3";
			developmentRegion = en;
			hasScannedForEncodings = 0;
			knownRegions = (
				en,
				Base,
			);
			mainGroup = 35938D022486C37E00CD1298;
			productRefGroup = 35938D0C2486C37E00CD1298 /* Products */;
			projectDirPath = "";
			projectRoot = "";
			targets = (
				35938D0A2486C37E00CD1298 /* FindCarrierName */,
			);
		};
/* End PBXProject section */

/* Begin PBXResourcesBuildPhase section */
		35938D092486C37E00CD1298 /* Resources */ = {
			isa = PBXResourcesBuildPhase;
			buildActionMask = 2147483647;
			files = (
				35938D1B2486C37F00CD1298 /* LaunchScreen.storyboard in Resources */,
				35938D182486C37F00CD1298 /* Assets.xcassets in Resources */,
				35938D162486C37E00CD1298 /* Main.storyboard in Resources */,
			);
			runOnlyForDeploymentPostprocessing = 0;
		};
/* End PBXResourcesBuildPhase section */

/* Begin PBXSourcesBuildPhase section */
		35938D072486C37E00CD1298 /* Sources */ = {
			isa = PBXSourcesBuildPhase;
			buildActionMask = 2147483647;
			files = (
				35938D132486C37E00CD1298 /* ViewController.swift in Sources */,
				35938D0F2486C37E00CD1298 /* AppDelegate.swift in Sources */,
				35938D112486C37E00CD1298 /* SceneDelegate.swift in Sources */,
			);
			runOnlyForDeploymentPostprocessing = 0;
		};
/* End PBXSourcesBuildPhase section */

/* Begin PBXVariantGroup section */
		35938D142486C37E00CD1298 /* Main.storyboard */ = {
			isa = PBXVariantGroup;
			children = (
				35938D152486C37E00CD1298 /* Base */,
			);
			name = Main.storyboard;
			sourceTree = "<group>";
		};
		35938D192486C37F00CD1298 /* LaunchScreen.storyboard */ = {
			isa = PBXVariantGroup;
			children = (
				35938D1A2486C37F00CD1298 /* Base */,
			);
			name = LaunchScreen.storyboard;
			sourceTree = "<group>";
		};
/* End PBXVariantGroup section */

/* Begin XCBuildConfiguration section */
		35938D1D2486C37F00CD1298 /* Debug */ = {
			isa = XCBuildConfiguration;
			buildSettings = {
				ALWAYS_SEARCH_USER_PATHS = NO;
				CLANG_ANALYZER_NONNULL = YES;
				CLANG_ANALYZER_NUMBER_OBJECT_CONVERSION = YES_AGGRESSIVE;
				CLANG_CXX_LANGUAGE_STANDARD = "gnu++14";
				CLANG_CXX_LIBRARY = "libc++";
				CLANG_ENABLE_MODULES = YES;
				CLANG_ENABLE_OBJC_ARC = YES;
				CLANG_ENABLE_OBJC_WEAK = YES;
				CLANG_WARN_BLOCK_CAPTURE_AUTORELEASING = YES;
				CLANG_WARN_BOOL_CONVERSION = YES;
				CLANG_WARN_COMMA = YES;
				CLANG_WARN_CONSTANT_CONVERSION = YES;
				CLANG_WARN_DEPRECATED_OBJC_IMPLEMENTATIONS = YES;
				CLANG_WARN_DIRECT_OBJC_ISA_USAGE = YES_ERROR;
				CLANG_WARN_DOCUMENTATION_COMMENTS = YES;
				CLANG_WARN_EMPTY_BODY = YES;
				CLANG_WARN_ENUM_CONVERSION = YES;
				CLANG_WARN_INFINITE_RECURSION = YES;
				CLANG_WARN_INT_CONVERSION = YES;
				CLANG_WARN_NON_LITERAL_NULL_CONVERSION = YES;
				CLANG_WARN_OBJC_IMPLICIT_RETAIN_SELF = YES;
				CLANG_WARN_OBJC_LITERAL_CONVERSION = YES;
				CLANG_WARN_OBJC_ROOT_CLASS = YES_ERROR;
				CLANG_WARN_RANGE_LOOP_ANALYSIS = YES;
				CLANG_WARN_STRICT_PROTOTYPES = YES;
				CLANG_WARN_SUSPICIOUS_MOVE = YES;
				CLANG_WARN_UNGUARDED_AVAILABILITY = YES_AGGRESSIVE;
				CLANG_WARN_UNREACHABLE_CODE = YES;
				CLANG_WARN__DUPLICATE_METHOD_MATCH = YES;
				COPY_PHASE_STRIP = NO;
				DEBUG_INFORMATION_FORMAT = dwarf;
				ENABLE_STRICT_OBJC_MSGSEND = YES;
				ENABLE_TESTABILITY = YES;
				GCC_C_LANGUAGE_STANDARD = gnu11;
				GCC_DYNAMIC_NO_PIC = NO;
				GCC_NO_COMMON_BLOCKS = YES;
				GCC_OPTIMIZATION_LEVEL = 0;
				GCC_PREPROCESSOR_DEFINITIONS = (
					"DEBUG=1",
					"$(inherited)",
				);
				GCC_WARN_64_TO_32_BIT_CONVERSION = YES;
				GCC_WARN_ABOUT_RETURN_TYPE = YES_ERROR;
				GCC_WARN_UNDECLARED_SELECTOR = YES;
				GCC_WARN_UNINITIALIZED_AUTOS = YES_AGGRESSIVE;
				GCC_WARN_UNUSED_FUNCTION = YES;
				GCC_WARN_UNUSED_VARIABLE = YES;
				IPHONEOS_DEPLOYMENT_TARGET = 13.0;
				MTL_ENABLE_DEBUG_INFO = INCLUDE_SOURCE;
				MTL_FAST_MATH = YES;
				ONLY_ACTIVE_ARCH = YES;
				SDKROOT = iphoneos;
				SWIFT_ACTIVE_COMPILATION_CONDITIONS = DEBUG;
				SWIFT_OPTIMIZATION_LEVEL = "-Onone";
			};
			name = Debug;
		};
		35938D1E2486C37F00CD1298 /* Release */ = {
			isa = XCBuildConfiguration;
			buildSettings = {
				ALWAYS_SEARCH_USER_PATHS = NO;
				CLANG_ANALYZER_NONNULL = YES;
				CLANG_ANALYZER_NUMBER_OBJECT_CONVERSION = YES_AGGRESSIVE;
				CLANG_CXX_LANGUAGE_STANDARD = "gnu++14";
				CLANG_CXX_LIBRARY = "libc++";
				CLANG_ENABLE_MODULES = YES;
				CLANG_ENABLE_OBJC_ARC = YES;
				CLANG_ENABLE_OBJC_WEAK = YES;
				CLANG_WARN_BLOCK_CAPTURE_AUTORELEASING = YES;
				CLANG_WARN_BOOL_CONVERSION = YES;
				CLANG_WARN_COMMA = YES;
				CLANG_WARN_CONSTANT_CONVERSION = YES;
				CLANG_WARN_DEPRECATED_OBJC_IMPLEMENTATIONS = YES;
				CLANG_WARN_DIRECT_OBJC_ISA_USAGE = YES_ERROR;
				CLANG_WARN_DOCUMENTATION_COMMENTS = YES;
				CLANG_WARN_EMPTY_BODY = YES;
				CLANG_WARN_ENUM_CONVERSION = YES;
				CLANG_WARN_INFINITE_RECURSION = YES;
				CLANG_WARN_INT_CONVERSION = YES;
				CLANG_WARN_NON_LITERAL_NULL_CONVERSION = YES;
				CLANG_WARN_OBJC_IMPLICIT_RETAIN_SELF = YES;
				CLANG_WARN_OBJC_LITERAL_CONVERSION = YES;
				CLANG_WARN_OBJC_ROOT_CLASS = YES_ERROR;
				CLANG_WARN_RANGE_LOOP_ANALYSIS = YES;
				CLANG_WARN_STRICT_PROTOTYPES = YES;
				CLANG_WARN_SUSPICIOUS_MOVE = YES;
				CLANG_WARN_UNGUARDED_AVAILABILITY = YES_AGGRESSIVE;
				CLANG_WARN_UNREACHABLE_CODE = YES;
				CLANG_WARN__DUPLICATE_METHOD_MATCH = YES;
				COPY_PHASE_STRIP = NO;
				DEBUG_INFORMATION_FORMAT = "dwarf-with-dsym";
				ENABLE_NS_ASSERTIONS = NO;
				ENABLE_STRICT_OBJC_MSGSEND = YES;
				GCC_C_LANGUAGE_STANDARD = gnu11;
				GCC_NO_COMMON_BLOCKS = YES;
				GCC_WARN_64_TO_32_BIT_CONVERSION = YES;
				GCC_WARN_ABOUT_RETURN_TYPE = YES_ERROR;
				GCC_WARN_UNDECLARED_SELECTOR = YES;
				GCC_WARN_UNINITIALIZED_AUTOS = YES_AGGRESSIVE;
				GCC_WARN_UNUSED_FUNCTION = YES;
				GCC_WARN_UNUSED_VARIABLE = YES;
				IPHONEOS_DEPLOYMENT_TARGET = 13.0;
				MTL_ENABLE_DEBUG_INFO = NO;
				MTL_FAST_MATH = YES;
				SDKROOT = iphoneos;
				SWIFT_COMPILATION_MODE = wholemodule;
				SWIFT_OPTIMIZATION_LEVEL = "-O";
				VALIDATE_PRODUCT = YES;
			};
			name = Release;
		};
		35938D202486C37F00CD1298 /* Debug */ = {
			isa = XCBuildConfiguration;
			buildSettings = {
				ASSETCATALOG_COMPILER_APPICON_NAME = AppIcon;
				CODE_SIGN_STYLE = Automatic;
				INFOPLIST_FILE = FindCarrierName/Info.plist;
				LD_RUNPATH_SEARCH_PATHS = (
					"$(inherited)",
					"@executable_path/Frameworks",
				);
				PRODUCT_BUNDLE_IDENTIFIER = com.personal.FindCarrierName;
				PRODUCT_NAME = "$(TARGET_NAME)";
				SWIFT_VERSION = 5.0;
				TARGETED_DEVICE_FAMILY = "1,2";
			};
			name = Debug;
		};
		35938D212486C37F00CD1298 /* Release */ = {
			isa = XCBuildConfiguration;
			buildSettings = {
				ASSETCATALOG_COMPILER_APPICON_NAME = AppIcon;
				CODE_SIGN_STYLE = Automatic;
				INFOPLIST_FILE = FindCarrierName/Info.plist;
				LD_RUNPATH_SEARCH_PATHS = (
					"$(inherited)",
					"@executable_path/Frameworks",
				);
				PRODUCT_BUNDLE_IDENTIFIER = com.personal.FindCarrierName;
				PRODUCT_NAME = "$(TARGET_NAME)";
				SWIFT_VERSION = 5.0;
				TARGETED_DEVICE_FAMILY = "1,2";
			};
			name = Release;
		};
/* End XCBuildConfiguration section */

/* Begin XCConfigurationList section */
		35938D062486C37E00CD1298 /* Build configuration list for PBXProject "FindCarrierName" */ = {
			isa = XCConfigurationList;
			buildConfigurations = (
				35938D1D2486C37F00CD1298 /* Debug */,
				35938D1E2486C37F00CD1298 /* Release */,
			);
			defaultConfigurationIsVisible = 0;
			defaultConfigurationName = Release;
		};
		35938D1F2486C37F00CD1298 /* Build configuration list for PBXNativeTarget "FindCarrierName" */ = {
			isa = XCConfigurationList;
			buildConfigurations = (
				35938D202486C37F00CD1298 /* Debug */,
				35938D212486C37F00CD1298 /* Release */,
			);
			defaultConfigurationIsVisible = 0;
			defaultConfigurationName = Release;
		};
/* End XCConfigurationList section */
	};
	rootObject = 35938D032486C37E00CD1298 /* Project object */;
}
